Microsoft Visual Studio Solution File, Format Version 12.00
# Visual Studio 2012
Project("{FAE04EC0-301F-11D3-BF4B-00C04F79EFBC}") = "PauseFighterGame", "PauseFighterGame.csproj", "{36CB9B17-37BB-4973-BE21-CA2D8393AABC}"
EndProject
Global
	GlobalSection(SolutionConfigurationPlatforms) = preSolution
	Debug|Any CPU = Debug|Any CPU
	ExportDebug|Any CPU = ExportDebug|Any CPU
	ExportRelease|Any CPU = ExportRelease|Any CPU
	EndGlobalSection
	GlobalSection(ProjectConfigurationPlatforms) = postSolution
		{36CB9B17-37BB-4973-BE21-CA2D8393AABC}.Debug|Any CPU.ActiveCfg = Debug|Any CPU
		{36CB9B17-37BB-4973-BE21-CA2D8393AABC}.Debug|Any CPU.Build.0 = Debug|Any CPU
		{36CB9B17-37BB-4973-BE21-CA2D8393AABC}.ExportDebug|Any CPU.ActiveCfg = ExportDebug|Any CPU
		{36CB9B17-37BB-4973-BE21-CA2D8393AABC}.ExportDebug|Any CPU.Build.0 = ExportDebug|Any CPU
		{36CB9B17-37BB-4973-BE21-CA2D8393AABC}.ExportRelease|Any CPU.ActiveCfg = ExportRelease|Any CPU
		{36CB9B17-37BB-4973-BE21-CA2D8393AABC}.ExportRelease|Any CPU.Build.0 = ExportRelease|Any CPU
	EndGlobalSection
EndGlobal
